
Microsoft Visual Studio Solution File, Format Version 12.00
# Visual Studio Version 16
VisualStudioVersion = 16.0.31025.194
MinimumVisualStudioVersion = 10.0.40219.1
Project("{9A19103F-16F7-4668-BE54-9A1E7A4F7556}") = "MyRentalShop.API", "MyRentalShop.API\MyRentalShop.API.csproj", "{0B3D2196-B92A-44BE-B45B-8E5FC32EE0A5}"
EndProject
Project("{2150E333-8FDC-42A3-9474-1A3956D46DE8}") = "Core", "Core", "{09C67026-CC86-43D8-84E1-9A3E034D2020}"
EndProject
Project("{2150E333-8FDC-42A3-9474-1A3956D46DE8}") = "Infrastructure", "Infrastructure", "{C426E484-E00B-4A04-B64D-EB00B7DABD41}"
	ProjectSection(SolutionItems) = preProject
		DependencyInjection.cs = DependencyInjection.cs
	EndProjectSection
EndProject
Project("{2150E333-8FDC-42A3-9474-1A3956D46DE8}") = "Presentation", "Presentation", "{B6B0AF45-955B-40FA-A2DA-92F9A3DDACB0}"
EndProject
Project("{FAE04EC0-301F-11D3-BF4B-00C04F79EFBC}") = "MyRentalShop.Application", "MyRentalShop.Application\MyRentalShop.Application.csproj", "{A4169325-A8DE-4B28-9941-E4951D5B547C}"
EndProject
Project("{FAE04EC0-301F-11D3-BF4B-00C04F79EFBC}") = "MyRentalShop.Common", "MyRentalShop.Common\MyRentalShop.Common.csproj", "{27A3C0BB-4F32-4240-B52F-EB7E61FE8C9B}"
EndProject
Project("{FAE04EC0-301F-11D3-BF4B-00C04F79EFBC}") = "MyRentalShop.Domain", "MyRentalShop.Domain\MyRentalShop.Domain.csproj", "{FA940968-D434-4D9E-86E1-9433A16CB7E4}"
EndProject
Project("{FAE04EC0-301F-11D3-BF4B-00C04F79EFBC}") = "MyRentalShop.Infrastructure", "MyRentalShop.Infrastructure\MyRentalShop.Infrastructure.csproj", "{77F920DE-E9C7-44FC-B4A5-777CC91961A9}"
EndProject
Project("{FAE04EC0-301F-11D3-BF4B-00C04F79EFBC}") = "MyRentalShop.Persistance", "MyRentalShop.Persistance\MyRentalShop.Persistance.csproj", "{F9FC98C4-C921-4847-8614-9D253CA6ADD5}"
EndProject
Global
	GlobalSection(SolutionConfigurationPlatforms) = preSolution
		Debug|Any CPU = Debug|Any CPU
		Release|Any CPU = Release|Any CPU
	EndGlobalSection
	GlobalSection(ProjectConfigurationPlatforms) = postSolution
		{0B3D2196-B92A-44BE-B45B-8E5FC32EE0A5}.Debug|Any CPU.ActiveCfg = Debug|Any CPU
		{0B3D2196-B92A-44BE-B45B-8E5FC32EE0A5}.Debug|Any CPU.Build.0 = Debug|Any CPU
		{0B3D2196-B92A-44BE-B45B-8E5FC32EE0A5}.Release|Any CPU.ActiveCfg = Release|Any CPU
		{0B3D2196-B92A-44BE-B45B-8E5FC32EE0A5}.Release|Any CPU.Build.0 = Release|Any CPU
		{A4169325-A8DE-4B28-9941-E4951D5B547C}.Debug|Any CPU.ActiveCfg = Debug|Any CPU
		{A4169325-A8DE-4B28-9941-E4951D5B547C}.Debug|Any CPU.Build.0 = Debug|Any CPU
		{A4169325-A8DE-4B28-9941-E4951D5B547C}.Release|Any CPU.ActiveCfg = Release|Any CPU
		{A4169325-A8DE-4B28-9941-E4951D5B547C}.Release|Any CPU.Build.0 = Release|Any CPU
		{27A3C0BB-4F32-4240-B52F-EB7E61FE8C9B}.Debug|Any CPU.ActiveCfg = Debug|Any CPU
		{27A3C0BB-4F32-4240-B52F-EB7E61FE8C9B}.Debug|Any CPU.Build.0 = Debug|Any CPU
		{27A3C0BB-4F32-4240-B52F-EB7E61FE8C9B}.Release|Any CPU.ActiveCfg = Release|Any CPU
		{27A3C0BB-4F32-4240-B52F-EB7E61FE8C9B}.Release|Any CPU.Build.0 = Release|Any CPU
		{FA940968-D434-4D9E-86E1-9433A16CB7E4}.Debug|Any CPU.ActiveCfg = Debug|Any CPU
		{FA940968-D434-4D9E-86E1-9433A16CB7E4}.Debug|Any CPU.Build.0 = Debug|Any CPU
		{FA940968-D434-4D9E-86E1-9433A16CB7E4}.Release|Any CPU.ActiveCfg = Release|Any CPU
		{FA940968-D434-4D9E-86E1-9433A16CB7E4}.Release|Any CPU.Build.0 = Release|Any CPU
		{77F920DE-E9C7-44FC-B4A5-777CC91961A9}.Debug|Any CPU.ActiveCfg = Debug|Any CPU
		{77F920DE-E9C7-44FC-B4A5-777CC91961A9}.Debug|Any CPU.Build.0 = Debug|Any CPU
		{77F920DE-E9C7-44FC-B4A5-777CC91961A9}.Release|Any CPU.ActiveCfg = Release|Any CPU
		{77F920DE-E9C7-44FC-B4A5-777CC91961A9}.Release|Any CPU.Build.0 = Release|Any CPU
		{F9FC98C4-C921-4847-8614-9D253CA6ADD5}.Debug|Any CPU.ActiveCfg = Debug|Any CPU
		{F9FC98C4-C921-4847-8614-9D253CA6ADD5}.Debug|Any CPU.Build.0 = Debug|Any CPU
		{F9FC98C4-C921-4847-8614-9D253CA6ADD5}.Release|Any CPU.ActiveCfg = Release|Any CPU
		{F9FC98C4-C921-4847-8614-9D253CA6ADD5}.Release|Any CPU.Build.0 = Release|Any CPU
	EndGlobalSection
	GlobalSection(SolutionProperties) = preSolution
		HideSolutionNode = FALSE
	EndGlobalSection
	GlobalSection(NestedProjects) = preSolution
		{0B3D2196-B92A-44BE-B45B-8E5FC32EE0A5} = {B6B0AF45-955B-40FA-A2DA-92F9A3DDACB0}
		{A4169325-A8DE-4B28-9941-E4951D5B547C} = {09C67026-CC86-43D8-84E1-9A3E034D2020}
		{27A3C0BB-4F32-4240-B52F-EB7E61FE8C9B} = {09C67026-CC86-43D8-84E1-9A3E034D2020}
		{FA940968-D434-4D9E-86E1-9433A16CB7E4} = {09C67026-CC86-43D8-84E1-9A3E034D2020}
		{77F920DE-E9C7-44FC-B4A5-777CC91961A9} = {C426E484-E00B-4A04-B64D-EB00B7DABD41}
		{F9FC98C4-C921-4847-8614-9D253CA6ADD5} = {C426E484-E00B-4A04-B64D-EB00B7DABD41}
	EndGlobalSection
	GlobalSection(ExtensibilityGlobals) = postSolution
		SolutionGuid = {C90A7709-5054-4E7A-893D-CEA30BBA2F83}
	EndGlobalSection
EndGlobal
